<?xml version="1.0" encoding="utf-8"?>
<Project ToolsVersion="4.0" xmlns="http://schemas.microsoft.com/developer/msbuild/2003">
  <ItemGroup>
    <Filter Include="Source Files">
      <UniqueIdentifier>{4FC737F1-C7A5-4376-A066-2A32D752A2FF}</UniqueIdentifier>
      <Extensions>cpp;c;cc;cxx;c++;cppm;ixx;def;odl;idl;hpj;bat;asm;asmx</Extensions>
    </Filter>
    <Filter Include="Header Files">
      <UniqueIdentifier>{93995380-89BD-4b04-88EB-625FBE52EBFB}</UniqueIdentifier>
      <Extensions>h;hh;hpp;hxx;h++;hm;inl;inc;ipp;xsd</Extensions>
    </Filter>
    <Filter Include="Resource Files">
      <UniqueIdentifier>{67DA6AB6-F800-4c08-8B7A-83BB121AAD01}</UniqueIdentifier>
      <Extensions>rc;ico;cur;bmp;dlg;rc2;rct;bin;rgs;gif;jpg;jpeg;jpe;resx;tiff;tif;png;wav;mfcribbon-ms</Extensions>
    </Filter>
    <Filter Include="Header Files\Common">
      <UniqueIdentifier>{18c5ab18-a9a9-47e1-a04d-9baf5dedaa1c}</UniqueIdentifier>
    </Filter>
    <Filter Include="Source Files\Common">
      <UniqueIdentifier>{918aa932-5bbf-47d3-bf71-d2b8ca81eaf9}</UniqueIdentifier>
    </Filter>
    <Filter Include="Header Files\File">
      <UniqueIdentifier>{bae3a311-633b-41b2-93a0-5ccf77a02645}</UniqueIdentifier>
    </Filter>
    <Filter Include="Source Files\File">
      <UniqueIdentifier>{d475464f-5ece-4f19-a969-2069a4b9251d}</UniqueIdentifier>
    </Filter>
  </ItemGroup>
  <ItemGroup>
    <ClInclude Include="include\pch.h">
      <Filter>Header Files</Filter>
    </ClInclude>
    <ClInclude Include="include\ATime.h">
      <Filter>Header Files\Common</Filter>
    </ClInclude>
    <ClInclude Include="include\ALog.h">
      <Filter>Header Files\Common</Filter>
    </ClInclude>
    <ClInclude Include="include\APath.h">
      <Filter>Header Files\Common</Filter>
    </ClInclude>
    <ClInclude Include="include\APerlinNoise1D.h">
      <Filter>Header Files\Common</Filter>
    </ClInclude>
    <ClInclude Include="include\APerlinNoise2D.h">
      <Filter>Header Files\Common</Filter>
    </ClInclude>
    <ClInclude Include="include\APerlinNoise3D.h">
      <Filter>Header Files\Common</Filter>
    </ClInclude>
    <ClInclude Include="include\APerlinNoiseBase.h">
      <Filter>Header Files\Common</Filter>
    </ClInclude>
    <ClInclude Include="include\AStringConv.h">
      <Filter>Header Files\Common</Filter>
    </ClInclude>
    <ClInclude Include="include\AFPI.h">
      <Filter>Header Files\File</Filter>
    </ClInclude>
    <ClInclude Include="include\AFI.h">
      <Filter>Header Files\File</Filter>
    </ClInclude>
    <ClInclude Include="include\AFile.h">
      <Filter>Header Files\File</Filter>
    </ClInclude>
    <ClInclude Include="include\AStringTable.h">
      <Filter>Header Files\File</Filter>
    </ClInclude>
    <ClInclude Include="include\AScriptFile.h">
      <Filter>Header Files\File</Filter>
    </ClInclude>
    <ClInclude Include="include\AFileImage.h">
      <Filter>Header Files\File</Filter>
    </ClInclude>
    <ClInclude Include="include\AFilePackage.h">
      <Filter>Header Files\File</Filter>
    </ClInclude>
  </ItemGroup>
  <ItemGroup>
    <ClCompile Include="src\pch.cpp">
      <Filter>Source Files</Filter>
    </ClCompile>
    <ClCompile Include="src\ATime.cpp">
      <Filter>Source Files\Common</Filter>
    </ClCompile>
    <ClCompile Include="src\ALog.cpp">
      <Filter>Source Files\Common</Filter>
    </ClCompile>
    <ClCompile Include="src\APerlinNoise1D.cpp">
      <Filter>Source Files\Common</Filter>
    </ClCompile>
    <ClCompile Include="src\APerlinNoise2D.cpp">
      <Filter>Source Files\Common</Filter>
    </ClCompile>
    <ClCompile Include="src\APerlinNoise3D.cpp">
      <Filter>Source Files\Common</Filter>
    </ClCompile>
    <ClCompile Include="src\APerlinNoiseBase.cpp">
      <Filter>Source Files\Common</Filter>
    </ClCompile>
    <ClCompile Include="src\AStringConv.cpp">
      <Filter>Source Files\Common</Filter>
    </ClCompile>
    <ClCompile Include="src\AFI.cpp">
      <Filter>Source Files\File</Filter>
    </ClCompile>
    <ClCompile Include="src\AFile.cpp">
      <Filter>Source Files\File</Filter>
    </ClCompile>
    <ClCompile Include="src\AStringTable.cpp">
      <Filter>Source Files\File</Filter>
    </ClCompile>
    <ClCompile Include="src\AScriptFile.cpp">
      <Filter>Source Files\File</Filter>
    </ClCompile>
    <ClCompile Include="src\AFileImage.cpp">
      <Filter>Source Files\File</Filter>
    </ClCompile>
    <ClCompile Include="src\AFilePackage.cpp">
      <Filter>Source Files\File</Filter>
    </ClCompile>
  </ItemGroup>
</Project>